// !$*UTF8*$!
{
	archiveVersion = 1;
	classes = {
	};
	objectVersion = 50;
	objects = {

/* Begin PBXBuildFile section */
		79138D4E25CC3EC60088A89D /* AppDelegate.swift in Sources */ = {isa = PBXBuildFile; fileRef = 79138D4D25CC3EC60088A89D /* AppDelegate.swift */; };
		79138D5025CC3EC60088A89D /* SceneDelegate.swift in Sources */ = {isa = PBXBuildFile; fileRef = 79138D4F25CC3EC60088A89D /* SceneDelegate.swift */; };
		79138D5225CC3EC60088A89D /* ViewController.swift in Sources */ = {isa = PBXBuildFile; fileRef = 79138D5125CC3EC60088A89D /* ViewController.swift */; };
		79138D5525CC3EC60088A89D /* Main.storyboard in Resources */ = {isa = PBXBuildFile; fileRef = 79138D5325CC3EC60088A89D /* Main.storyboard */; };
		79138D5725CC3ECA0088A89D /* Assets.xcassets in Resources */ = {isa = PBXBuildFile; fileRef = 79138D5625CC3ECA0088A89D /* Assets.xcassets */; };
		79138D5A25CC3ECA0088A89D /* LaunchScreen.storyboard in Resources */ = {isa = PBXBuildFile; fileRef = 79138D5825CC3ECA0088A89D /* LaunchScreen.storyboard */; };
		79138D6525CC3ECB0088A89D /* MovieInfoTests.swift in Sources */ = {isa = PBXBuildFile; fileRef = 79138D6425CC3ECB0088A89D /* MovieInfoTests.swift */; };
		79138D7025CC3ECB0088A89D /* MovieInfoUITests.swift in Sources */ = {isa = PBXBuildFile; fileRef = 79138D6F25CC3ECB0088A89D /* MovieInfoUITests.swift */; };
/* End PBXBuildFile section */

/* Begin PBXContainerItemProxy section */
		79138D6125CC3ECB0088A89D /* PBXContainerItemProxy */ = {
			isa = PBXContainerItemProxy;
			containerPortal = 79138D4225CC3EC60088A89D /* Project object */;
			proxyType = 1;
			remoteGlobalIDString = 79138D4925CC3EC60088A89D;
			remoteInfo = MovieInfo;
		};
		79138D6C25CC3ECB0088A89D /* PBXContainerItemProxy */ = {
			isa = PBXContainerItemProxy;
			containerPortal = 79138D4225CC3EC60088A89D /* Project object */;
			proxyType = 1;
			remoteGlobalIDString = 79138D4925CC3EC60088A89D;
			remoteInfo = MovieInfo;
		};
/* End PBXContainerItemProxy section */

/* Begin PBXFileReference section */
		79138D4A25CC3EC60088A89D /* MovieInfo.app */ = {isa = PBXFileReference; explicitFileType = wrapper.application; includeInIndex = 0; path = MovieInfo.app; sourceTree = BUILT_PRODUCTS_DIR; };
		79138D4D25CC3EC60088A89D /* AppDelegate.swift */ = {isa = PBXFileReference; lastKnownFileType = sourcecode.swift; path = AppDelegate.swift; sourceTree = "<group>"; };
		79138D4F25CC3EC60088A89D /* SceneDelegate.swift */ = {isa = PBXFileReference; lastKnownFileType = sourcecode.swift; path = SceneDelegate.swift; sourceTree = "<group>"; };
		79138D5125CC3EC60088A89D /* ViewController.swift */ = {isa = PBXFileReference; lastKnownFileType = sourcecode.swift; path = ViewController.swift; sourceTree = "<group>"; };
		79138D5425CC3EC60088A89D /* Base */ = {isa = PBXFileReference; lastKnownFileType = file.storyboard; name = Base; path = Base.lproj/Main.storyboard; sourceTree = "<group>"; };
		79138D5625CC3ECA0088A89D /* Assets.xcassets */ = {isa = PBXFileReference; lastKnownFileType = folder.assetcatalog; path = Assets.xcassets; sourceTree = "<group>"; };
		79138D5925CC3ECA0088A89D /* Base */ = {isa = PBXFileReference; lastKnownFileType = file.storyboard; name = Base; path = Base.lproj/LaunchScreen.storyboard; sourceTree = "<group>"; };
		79138D5B25CC3ECA0088A89D /* Info.plist */ = {isa = PBXFileReference; lastKnownFileType = text.plist.xml; path = Info.plist; sourceTree = "<group>"; };
		79138D6025CC3ECB0088A89D /* MovieInfoTests.xctest */ = {isa = PBXFileReference; explicitFileType = wrapper.cfbundle; includeInIndex = 0; path = MovieInfoTests.xctest; sourceTree = BUILT_PRODUCTS_DIR; };
		79138D6425CC3ECB0088A89D /* MovieInfoTests.swift */ = {isa = PBXFileReference; lastKnownFileType = sourcecode.swift; path = MovieInfoTests.swift; sourceTree = "<group>"; };
		79138D6625CC3ECB0088A89D /* Info.plist */ = {isa = PBXFileReference; lastKnownFileType = text.plist.xml; path = Info.plist; sourceTree = "<group>"; };
		79138D6B25CC3ECB0088A89D /* MovieInfoUITests.xctest */ = {isa = PBXFileReference; explicitFileType = wrapper.cfbundle; includeInIndex = 0; path = MovieInfoUITests.xctest; sourceTree = BUILT_PRODUCTS_DIR; };
		79138D6F25CC3ECB0088A89D /* MovieInfoUITests.swift */ = {isa = PBXFileReference; lastKnownFileType = sourcecode.swift; path = MovieInfoUITests.swift; sourceTree = "<group>"; };
		79138D7125CC3ECB0088A89D /* Info.plist */ = {isa = PBXFileReference; lastKnownFileType = text.plist.xml; path = Info.plist; sourceTree = "<group>"; };
/* End PBXFileReference section */

/* Begin PBXFrameworksBuildPhase section */
		79138D4725CC3EC60088A89D /* Frameworks */ = {
			isa = PBXFrameworksBuildPhase;
			buildActionMask = 2147483647;
			files = (
			);
			runOnlyForDeploymentPostprocessing = 0;
		};
		79138D5D25CC3ECB0088A89D /* Frameworks */ = {
			isa = PBXFrameworksBuildPhase;
			buildActionMask = 2147483647;
			files = (
			);
			runOnlyForDeploymentPostprocessing = 0;
		};
		79138D6825CC3ECB0088A89D /* Frameworks */ = {
			isa = PBXFrameworksBuildPhase;
			buildActionMask = 2147483647;
			files = (
			);
			runOnlyForDeploymentPostprocessing = 0;
		};
/* End PBXFrameworksBuildPhase section */

/* Begin PBXGroup section */
		79138D4125CC3EC60088A89D = {
			isa = PBXGroup;
			children = (
				79138D4C25CC3EC60088A89D /* MovieInfo */,
				79138D6325CC3ECB0088A89D /* MovieInfoTests */,
				79138D6E25CC3ECB0088A89D /* MovieInfoUITests */,
				79138D4B25CC3EC60088A89D /* Products */,
			);
			sourceTree = "<group>";
		};
		79138D4B25CC3EC60088A89D /* Products */ = {
			isa = PBXGroup;
			children = (
				79138D4A25CC3EC60088A89D /* MovieInfo.app */,
				79138D6025CC3ECB0088A89D /* MovieInfoTests.xctest */,
				79138D6B25CC3ECB0088A89D /* MovieInfoUITests.xctest */,
			);
			name = Products;
			sourceTree = "<group>";
		};
		79138D4C25CC3EC60088A89D /* MovieInfo */ = {
			isa = PBXGroup;
			children = (
				79138D4D25CC3EC60088A89D /* AppDelegate.swift */,
				79138D4F25CC3EC60088A89D /* SceneDelegate.swift */,
				79138D5125CC3EC60088A89D /* ViewController.swift */,
				79138D5325CC3EC60088A89D /* Main.storyboard */,
				79138D5625CC3ECA0088A89D /* Assets.xcassets */,
				79138D5825CC3ECA0088A89D /* LaunchScreen.storyboard */,
				79138D5B25CC3ECA0088A89D /* Info.plist */,
			);
			path = MovieInfo;
			sourceTree = "<group>";
		};
		79138D6325CC3ECB0088A89D /* MovieInfoTests */ = {
			isa = PBXGroup;
			children = (
				79138D6425CC3ECB0088A89D /* MovieInfoTests.swift */,
				79138D6625CC3ECB0088A89D /* Info.plist */,
			);
			path = MovieInfoTests;
			sourceTree = "<group>";
		};
		79138D6E25CC3ECB0088A89D /* MovieInfoUITests */ = {
			isa = PBXGroup;
			children = (
				79138D6F25CC3ECB0088A89D /* MovieInfoUITests.swift */,
				79138D7125CC3ECB0088A89D /* Info.plist */,
			);
			path = MovieInfoUITests;
			sourceTree = "<group>";
		};
/* End PBXGroup section */

/* Begin PBXNativeTarget section */
		79138D4925CC3EC60088A89D /* MovieInfo */ = {
			isa = PBXNativeTarget;
			buildConfigurationList = 79138D7425CC3ECB0088A89D /* Build configuration list for PBXNativeTarget "MovieInfo" */;
			buildPhases = (
				79138D4625CC3EC60088A89D /* Sources */,
				79138D4725CC3EC60088A89D /* Frameworks */,
				79138D4825CC3EC60088A89D /* Resources */,
			);
			buildRules = (
			);
			dependencies = (
			);
			name = MovieInfo;
			productName = MovieInfo;
			productReference = 79138D4A25CC3EC60088A89D /* MovieInfo.app */;
			productType = "com.apple.product-type.application";
		};
		79138D5F25CC3ECB0088A89D /* MovieInfoTests */ = {
			isa = PBXNativeTarget;
			buildConfigurationList = 79138D7725CC3ECB0088A89D /* Build configuration list for PBXNativeTarget "MovieInfoTests" */;
			buildPhases = (
				79138D5C25CC3ECB0088A89D /* Sources */,
				79138D5D25CC3ECB0088A89D /* Frameworks */,
				79138D5E25CC3ECB0088A89D /* Resources */,
			);
			buildRules = (
			);
			dependencies = (
				79138D6225CC3ECB0088A89D /* PBXTargetDependency */,
			);
			name = MovieInfoTests;
			productName = MovieInfoTests;
			productReference = 79138D6025CC3ECB0088A89D /* MovieInfoTests.xctest */;
			productType = "com.apple.product-type.bundle.unit-test";
		};
		79138D6A25CC3ECB0088A89D /* MovieInfoUITests */ = {
			isa = PBXNativeTarget;
			buildConfigurationList = 79138D7A25CC3ECB0088A89D /* Build configuration list for PBXNativeTarget "MovieInfoUITests" */;
			buildPhases = (
				79138D6725CC3ECB0088A89D /* Sources */,
				79138D6825CC3ECB0088A89D /* Frameworks */,
				79138D6925CC3ECB0088A89D /* Resources */,
			);
			buildRules = (
			);
			dependencies = (
				79138D6D25CC3ECB0088A89D /* PBXTargetDependency */,
			);
			name = MovieInfoUITests;
			productName = MovieInfoUITests;
			productReference = 79138D6B25CC3ECB0088A89D /* MovieInfoUITests.xctest */;
			productType = "com.apple.product-type.bundle.ui-testing";
		};
/* End PBXNativeTarget section */

/* Begin PBXProject section */
		79138D4225CC3EC60088A89D /* Project object */ = {
			isa = PBXProject;
			attributes = {
				LastSwiftUpdateCheck = 1230;
				LastUpgradeCheck = 1230;
				TargetAttributes = {
					79138D4925CC3EC60088A89D = {
						CreatedOnToolsVersion = 12.3;
					};
					79138D5F25CC3ECB0088A89D = {
						CreatedOnToolsVersion = 12.3;
						TestTargetID = 79138D4925CC3EC60088A89D;
					};
					79138D6A25CC3ECB0088A89D = {
						CreatedOnToolsVersion = 12.3;
						TestTargetID = 79138D4925CC3EC60088A89D;
					};
				};
			};
			buildConfigurationList = 79138D4525CC3EC60088A89D /* Build configuration list for PBXProject "MovieInfo" */;
			compatibilityVersion = "Xcode 9.3";
			developmentRegion = en;
			hasScannedForEncodings = 0;
			knownRegions = (
				en,
				Base,
			);
			mainGroup = 79138D4125CC3EC60088A89D;
			productRefGroup = 79138D4B25CC3EC60088A89D /* Products */;
			projectDirPath = "";
			projectRoot = "";
			targets = (
				79138D4925CC3EC60088A89D /* MovieInfo */,
				79138D5F25CC3ECB0088A89D /* MovieInfoTests */,
				79138D6A25CC3ECB0088A89D /* MovieInfoUITests */,
			);
		};
/* End PBXProject section */

/* Begin PBXResourcesBuildPhase section */
		79138D4825CC3EC60088A89D /* Resources */ = {
			isa = PBXResourcesBuildPhase;
			buildActionMask = 2147483647;
			files = (
				79138D5A25CC3ECA0088A89D /* LaunchScreen.storyboard in Resources */,
				79138D5725CC3ECA0088A89D /* Assets.xcassets in Resources */,
				79138D5525CC3EC60088A89D /* Main.storyboard in Resources */,
			);
			runOnlyForDeploymentPostprocessing = 0;
		};
		79138D5E25CC3ECB0088A89D /* Resources */ = {
			isa = PBXResourcesBuildPhase;
			buildActionMask = 2147483647;
			files = (
			);
			runOnlyForDeploymentPostprocessing = 0;
		};
		79138D6925CC3ECB0088A89D /* Resources */ = {
			isa = PBXResourcesBuildPhase;
			buildActionMask = 2147483647;
			files = (
			);
			runOnlyForDeploymentPostprocessing = 0;
		};
/* End PBXResourcesBuildPhase section */

/* Begin PBXSourcesBuildPhase section */
		79138D4625CC3EC60088A89D /* Sources */ = {
			isa = PBXSourcesBuildPhase;
			buildActionMask = 2147483647;
			files = (
				79138D5225CC3EC60088A89D /* ViewController.swift in Sources */,
				79138D4E25CC3EC60088A89D /* AppDelegate.swift in Sources */,
				79138D5025CC3EC60088A89D /* SceneDelegate.swift in Sources */,
			);
			runOnlyForDeploymentPostprocessing = 0;
		};
		79138D5C25CC3ECB0088A89D /* Sources */ = {
			isa = PBXSourcesBuildPhase;
			buildActionMask = 2147483647;
			files = (
				79138D6525CC3ECB0088A89D /* MovieInfoTests.swift in Sources */,
			);
			runOnlyForDeploymentPostprocessing = 0;
		};
		79138D6725CC3ECB0088A89D /* Sources */ = {
			isa = PBXSourcesBuildPhase;
			buildActionMask = 2147483647;
			files = (
				79138D7025CC3ECB0088A89D /* MovieInfoUITests.swift in Sources */,
			);
			runOnlyForDeploymentPostprocessing = 0;
		};
/* End PBXSourcesBuildPhase section */

/* Begin PBXTargetDependency section */
		79138D6225CC3ECB0088A89D /* PBXTargetDependency */ = {
			isa = PBXTargetDependency;
			target = 79138D4925CC3EC60088A89D /* MovieInfo */;
			targetProxy = 79138D6125CC3ECB0088A89D /* PBXContainerItemProxy */;
		};
		79138D6D25CC3ECB0088A89D /* PBXTargetDependency */ = {
			isa = PBXTargetDependency;
			target = 79138D4925CC3EC60088A89D /* MovieInfo */;
			targetProxy = 79138D6C25CC3ECB0088A89D /* PBXContainerItemProxy */;
		};
/* End PBXTargetDependency section */

/* Begin PBXVariantGroup section */
		79138D5325CC3EC60088A89D /* Main.storyboard */ = {
			isa = PBXVariantGroup;
			children = (
				79138D5425CC3EC60088A89D /* Base */,
			);
			name = Main.storyboard;
			sourceTree = "<group>";
		};
		79138D5825CC3ECA0088A89D /* LaunchScreen.storyboard */ = {
			isa = PBXVariantGroup;
			children = (
				79138D5925CC3ECA0088A89D /* Base */,
			);
			name = LaunchScreen.storyboard;
			sourceTree = "<group>";
		};
/* End PBXVariantGroup section */

/* Begin XCBuildConfiguration section */
		79138D7225CC3ECB0088A89D /* Debug */ = {
			isa = XCBuildConfiguration;
			buildSettings = {
				ALWAYS_SEARCH_USER_PATHS = NO;
				CLANG_ANALYZER_NONNULL = YES;
				CLANG_ANALYZER_NUMBER_OBJECT_CONVERSION = YES_AGGRESSIVE;
				CLANG_CXX_LANGUAGE_STANDARD = "gnu++14";
				CLANG_CXX_LIBRARY = "libc++";
				CLANG_ENABLE_MODULES = YES;
				CLANG_ENABLE_OBJC_ARC = YES;
				CLANG_ENABLE_OBJC_WEAK = YES;
				CLANG_WARN_BLOCK_CAPTURE_AUTORELEASING = YES;
				CLANG_WARN_BOOL_CONVERSION = YES;
				CLANG_WARN_COMMA = YES;
				CLANG_WARN_CONSTANT_CONVERSION = YES;
				CLANG_WARN_DEPRECATED_OBJC_IMPLEMENTATIONS = YES;
				CLANG_WARN_DIRECT_OBJC_ISA_USAGE = YES_ERROR;
				CLANG_WARN_DOCUMENTATION_COMMENTS = YES;
				CLANG_WARN_EMPTY_BODY = YES;
				CLANG_WARN_ENUM_CONVERSION = YES;
				CLANG_WARN_INFINITE_RECURSION = YES;
				CLANG_WARN_INT_CONVERSION = YES;
				CLANG_WARN_NON_LITERAL_NULL_CONVERSION = YES;
				CLANG_WARN_OBJC_IMPLICIT_RETAIN_SELF = YES;
				CLANG_WARN_OBJC_LITERAL_CONVERSION = YES;
				CLANG_WARN_OBJC_ROOT_CLASS = YES_ERROR;
				CLANG_WARN_QUOTED_INCLUDE_IN_FRAMEWORK_HEADER = YES;
				CLANG_WARN_RANGE_LOOP_ANALYSIS = YES;
				CLANG_WARN_STRICT_PROTOTYPES = YES;
				CLANG_WARN_SUSPICIOUS_MOVE = YES;
				CLANG_WARN_UNGUARDED_AVAILABILITY = YES_AGGRESSIVE;
				CLANG_WARN_UNREACHABLE_CODE = YES;
				CLANG_WARN__DUPLICATE_METHOD_MATCH = YES;
				COPY_PHASE_STRIP = NO;
				DEBUG_INFORMATION_FORMAT = dwarf;
				ENABLE_STRICT_OBJC_MSGSEND = YES;
				ENABLE_TESTABILITY = YES;
				GCC_C_LANGUAGE_STANDARD = gnu11;
				GCC_DYNAMIC_NO_PIC = NO;
				GCC_NO_COMMON_BLOCKS = YES;
				GCC_OPTIMIZATION_LEVEL = 0;
				GCC_PREPROCESSOR_DEFINITIONS = (
					"DEBUG=1",
					"$(inherited)",
				);
				GCC_WARN_64_TO_32_BIT_CONVERSION = YES;
				GCC_WARN_ABOUT_RETURN_TYPE = YES_ERROR;
				GCC_WARN_UNDECLARED_SELECTOR = YES;
				GCC_WARN_UNINITIALIZED_AUTOS = YES_AGGRESSIVE;
				GCC_WARN_UNUSED_FUNCTION = YES;
				GCC_WARN_UNUSED_VARIABLE = YES;
				IPHONEOS_DEPLOYMENT_TARGET = 14.3;
				MTL_ENABLE_DEBUG_INFO = INCLUDE_SOURCE;
				MTL_FAST_MATH = YES;
				ONLY_ACTIVE_ARCH = YES;
				SDKROOT = iphoneos;
				SWIFT_ACTIVE_COMPILATION_CONDITIONS = DEBUG;
				SWIFT_OPTIMIZATION_LEVEL = "-Onone";
			};
			name = Debug;
		};
		79138D7325CC3ECB0088A89D /* Release */ = {
			isa = XCBuildConfiguration;
			buildSettings = {
				ALWAYS_SEARCH_USER_PATHS = NO;
				CLANG_ANALYZER_NONNULL = YES;
				CLANG_ANALYZER_NUMBER_OBJECT_CONVERSION = YES_AGGRESSIVE;
				CLANG_CXX_LANGUAGE_STANDARD = "gnu++14";
				CLANG_CXX_LIBRARY = "libc++";
				CLANG_ENABLE_MODULES = YES;
				CLANG_ENABLE_OBJC_ARC = YES;
				CLANG_ENABLE_OBJC_WEAK = YES;
				CLANG_WARN_BLOCK_CAPTURE_AUTORELEASING = YES;
				CLANG_WARN_BOOL_CONVERSION = YES;
				CLANG_WARN_COMMA = YES;
				CLANG_WARN_CONSTANT_CONVERSION = YES;
				CLANG_WARN_DEPRECATED_OBJC_IMPLEMENTATIONS = YES;
				CLANG_WARN_DIRECT_OBJC_ISA_USAGE = YES_ERROR;
				CLANG_WARN_DOCUMENTATION_COMMENTS = YES;
				CLANG_WARN_EMPTY_BODY = YES;
				CLANG_WARN_ENUM_CONVERSION = YES;
				CLANG_WARN_INFINITE_RECURSION = YES;
				CLANG_WARN_INT_CONVERSION = YES;
				CLANG_WARN_NON_LITERAL_NULL_CONVERSION = YES;
				CLANG_WARN_OBJC_IMPLICIT_RETAIN_SELF = YES;
				CLANG_WARN_OBJC_LITERAL_CONVERSION = YES;
				CLANG_WARN_OBJC_ROOT_CLASS = YES_ERROR;
				CLANG_WARN_QUOTED_INCLUDE_IN_FRAMEWORK_HEADER = YES;
				CLANG_WARN_RANGE_LOOP_ANALYSIS = YES;
				CLANG_WARN_STRICT_PROTOTYPES = YES;
				CLANG_WARN_SUSPICIOUS_MOVE = YES;
				CLANG_WARN_UNGUARDED_AVAILABILITY = YES_AGGRESSIVE;
				CLANG_WARN_UNREACHABLE_CODE = YES;
				CLANG_WARN__DUPLICATE_METHOD_MATCH = YES;
				COPY_PHASE_STRIP = NO;
				DEBUG_INFORMATION_FORMAT = "dwarf-with-dsym";
				ENABLE_NS_ASSERTIONS = NO;
				ENABLE_STRICT_OBJC_MSGSEND = YES;
				GCC_C_LANGUAGE_STANDARD = gnu11;
				GCC_NO_COMMON_BLOCKS = YES;
				GCC_WARN_64_TO_32_BIT_CONVERSION = YES;
				GCC_WARN_ABOUT_RETURN_TYPE = YES_ERROR;
				GCC_WARN_UNDECLARED_SELECTOR = YES;
				GCC_WARN_UNINITIALIZED_AUTOS = YES_AGGRESSIVE;
				GCC_WARN_UNUSED_FUNCTION = YES;
				GCC_WARN_UNUSED_VARIABLE = YES;
				IPHONEOS_DEPLOYMENT_TARGET = 14.3;
				MTL_ENABLE_DEBUG_INFO = NO;
				MTL_FAST_MATH = YES;
				SDKROOT = iphoneos;
				SWIFT_COMPILATION_MODE = wholemodule;
				SWIFT_OPTIMIZATION_LEVEL = "-O";
				VALIDATE_PRODUCT = YES;
			};
			name = Release;
		};
		79138D7525CC3ECB0088A89D /* Debug */ = {
			isa = XCBuildConfiguration;
			buildSettings = {
				ASSETCATALOG_COMPILER_APPICON_NAME = AppIcon;
				ASSETCATALOG_COMPILER_GLOBAL_ACCENT_COLOR_NAME = AccentColor;
				CODE_SIGN_STYLE = Automatic;
				DEVELOPMENT_TEAM = BY575KUK4V;
				INFOPLIST_FILE = MovieInfo/Info.plist;
				LD_RUNPATH_SEARCH_PATHS = (
					"$(inherited)",
					"@executable_path/Frameworks",
				);
				PRODUCT_BUNDLE_IDENTIFIER = fabio.MovieInfo;
				PRODUCT_NAME = "$(TARGET_NAME)";
				SWIFT_VERSION = 5.0;
				TARGETED_DEVICE_FAMILY = "1,2";
			};
			name = Debug;
		};
		79138D7625CC3ECB0088A89D /* Release */ = {
			isa = XCBuildConfiguration;
			buildSettings = {
				ASSETCATALOG_COMPILER_APPICON_NAME = AppIcon;
				ASSETCATALOG_COMPILER_GLOBAL_ACCENT_COLOR_NAME = AccentColor;
				CODE_SIGN_STYLE = Automatic;
				DEVELOPMENT_TEAM = BY575KUK4V;
				INFOPLIST_FILE = MovieInfo/Info.plist;
				LD_RUNPATH_SEARCH_PATHS = (
					"$(inherited)",
					"@executable_path/Frameworks",
				);
				PRODUCT_BUNDLE_IDENTIFIER = fabio.MovieInfo;
				PRODUCT_NAME = "$(TARGET_NAME)";
				SWIFT_VERSION = 5.0;
				TARGETED_DEVICE_FAMILY = "1,2";
			};
			name = Release;
		};
		79138D7825CC3ECB0088A89D /* Debug */ = {
			isa = XCBuildConfiguration;
			buildSettings = {
				ALWAYS_EMBED_SWIFT_STANDARD_LIBRARIES = YES;
				BUNDLE_LOADER = "$(TEST_HOST)";
				CODE_SIGN_STYLE = Automatic;
				DEVELOPMENT_TEAM = BY575KUK4V;
				INFOPLIST_FILE = MovieInfoTests/Info.plist;
				IPHONEOS_DEPLOYMENT_TARGET = 14.3;
				LD_RUNPATH_SEARCH_PATHS = (
					"$(inherited)",
					"@executable_path/Frameworks",
					"@loader_path/Frameworks",
				);
				PRODUCT_BUNDLE_IDENTIFIER = fabio.MovieInfoTests;
				PRODUCT_NAME = "$(TARGET_NAME)";
				SWIFT_VERSION = 5.0;
				TARGETED_DEVICE_FAMILY = "1,2";
				TEST_HOST = "$(BUILT_PRODUCTS_DIR)/MovieInfo.app/MovieInfo";
			};
			name = Debug;
		};
		79138D7925CC3ECB0088A89D /* Release */ = {
			isa = XCBuildConfiguration;
			buildSettings = {
				ALWAYS_EMBED_SWIFT_STANDARD_LIBRARIES = YES;
				BUNDLE_LOADER = "$(TEST_HOST)";
				CODE_SIGN_STYLE = Automatic;
				DEVELOPMENT_TEAM = BY575KUK4V;
				INFOPLIST_FILE = MovieInfoTests/Info.plist;
				IPHONEOS_DEPLOYMENT_TARGET = 14.3;
				LD_RUNPATH_SEARCH_PATHS = (
					"$(inherited)",
					"@executable_path/Frameworks",
					"@loader_path/Frameworks",
				);
				PRODUCT_BUNDLE_IDENTIFIER = fabio.MovieInfoTests;
				PRODUCT_NAME = "$(TARGET_NAME)";
				SWIFT_VERSION = 5.0;
				TARGETED_DEVICE_FAMILY = "1,2";
				TEST_HOST = "$(BUILT_PRODUCTS_DIR)/MovieInfo.app/MovieInfo";
			};
			name = Release;
		};
		79138D7B25CC3ECB0088A89D /* Debug */ = {
			isa = XCBuildConfiguration;
			buildSettings = {
				ALWAYS_EMBED_SWIFT_STANDARD_LIBRARIES = YES;
				CODE_SIGN_STYLE = Automatic;
				DEVELOPMENT_TEAM = BY575KUK4V;
				INFOPLIST_FILE = MovieInfoUITests/Info.plist;
				LD_RUNPATH_SEARCH_PATHS = (
					"$(inherited)",
					"@executable_path/Frameworks",
					"@loader_path/Frameworks",
				);
				PRODUCT_BUNDLE_IDENTIFIER = fabio.MovieInfoUITests;
				PRODUCT_NAME = "$(TARGET_NAME)";
				SWIFT_VERSION = 5.0;
				TARGETED_DEVICE_FAMILY = "1,2";
				TEST_TARGET_NAME = MovieInfo;
			};
			name = Debug;
		};
		79138D7C25CC3ECB0088A89D /* Release */ = {
			isa = XCBuildConfiguration;
			buildSettings = {
				ALWAYS_EMBED_SWIFT_STANDARD_LIBRARIES = YES;
				CODE_SIGN_STYLE = Automatic;
				DEVELOPMENT_TEAM = BY575KUK4V;
				INFOPLIST_FILE = MovieInfoUITests/Info.plist;
				LD_RUNPATH_SEARCH_PATHS = (
					"$(inherited)",
					"@executable_path/Frameworks",
					"@loader_path/Frameworks",
				);
				PRODUCT_BUNDLE_IDENTIFIER = fabio.MovieInfoUITests;
				PRODUCT_NAME = "$(TARGET_NAME)";
				SWIFT_VERSION = 5.0;
				TARGETED_DEVICE_FAMILY = "1,2";
				TEST_TARGET_NAME = MovieInfo;
			};
			name = Release;
		};
/* End XCBuildConfiguration section */

/* Begin XCConfigurationList section */
		79138D4525CC3EC60088A89D /* Build configuration list for PBXProject "MovieInfo" */ = {
			isa = XCConfigurationList;
			buildConfigurations = (
				79138D7225CC3ECB0088A89D /* Debug */,
				79138D7325CC3ECB0088A89D /* Release */,
			);
			defaultConfigurationIsVisible = 0;
			defaultConfigurationName = Release;
		};
		79138D7425CC3ECB0088A89D /* Build configuration list for PBXNativeTarget "MovieInfo" */ = {
			isa = XCConfigurationList;
			buildConfigurations = (
				79138D7525CC3ECB0088A89D /* Debug */,
				79138D7625CC3ECB0088A89D /* Release */,
			);
			defaultConfigurationIsVisible = 0;
			defaultConfigurationName = Release;
		};
		79138D7725CC3ECB0088A89D /* Build configuration list for PBXNativeTarget "MovieInfoTests" */ = {
			isa = XCConfigurationList;
			buildConfigurations = (
				79138D7825CC3ECB0088A89D /* Debug */,
				79138D7925CC3ECB0088A89D /* Release */,
			);
			defaultConfigurationIsVisible = 0;
			defaultConfigurationName = Release;
		};
		79138D7A25CC3ECB0088A89D /* Build configuration list for PBXNativeTarget "MovieInfoUITests" */ = {
			isa = XCConfigurationList;
			buildConfigurations = (
				79138D7B25CC3ECB0088A89D /* Debug */,
				79138D7C25CC3ECB0088A89D /* Release */,
			);
			defaultConfigurationIsVisible = 0;
			defaultConfigurationName = Release;
		};
/* End XCConfigurationList section */
	};
	rootObject = 79138D4225CC3EC60088A89D /* Project object */;
}
